<?xml version="1.0" encoding="utf-8"?>
<Project ToolsVersion="4.0" xmlns="http://schemas.microsoft.com/developer/msbuild/2003">
  <ItemGroup>
    <Filter Include="Default">
      <UniqueIdentifier>{2c4dbde6-5dbd-49f7-9a01-9084129dcbe3}</UniqueIdentifier>
    </Filter>
    <Filter Include="Scripts">
      <UniqueIdentifier>{aa913ddb-a92e-401d-b820-7646569eba1a}</UniqueIdentifier>
    </Filter>
    <Filter Include="ScriptMgr">
      <UniqueIdentifier>{b4fa1c93-17d8-4717-bea1-cb9bd32d848e}</UniqueIdentifier>
    </Filter>
    <Filter Include="Scripts\0. Camera">
      <UniqueIdentifier>{4a21a2cd-bace-487c-9664-bea4dd4e602f}</UniqueIdentifier>
    </Filter>
    <Filter Include="Scripts\1. Player">
      <UniqueIdentifier>{77ad6cc0-fb77-4cf5-a15f-10e0b4625d77}</UniqueIdentifier>
    </Filter>
    <Filter Include="Scripts\2. TestScript">
      <UniqueIdentifier>{cae15e81-c02c-4870-b9e6-acb8a30a8dc3}</UniqueIdentifier>
    </Filter>
  </ItemGroup>
  <ItemGroup>
    <ClInclude Include="framework.h">
      <Filter>Default</Filter>
    </ClInclude>
    <ClInclude Include="pch.h">
      <Filter>Default</Filter>
    </ClInclude>
    <ClInclude Include="qScriptMgr.h">
      <Filter>ScriptMgr</Filter>
    </ClInclude>
    <ClInclude Include="qPlayerScript.h">
      <Filter>Scripts\1. Player</Filter>
    </ClInclude>
    <ClInclude Include="qCameraMoveScript.h">
      <Filter>Scripts\0. Camera</Filter>
    </ClInclude>
    <ClInclude Include="qMissileScript.h">
      <Filter>Default</Filter>
    </ClInclude>
    <ClInclude Include="qTestScript.h">
      <Filter>Scripts\2. TestScript</Filter>
    </ClInclude>
  </ItemGroup>
  <ItemGroup>
    <ClCompile Include="pch.cpp">
      <Filter>Default</Filter>
    </ClCompile>
    <ClCompile Include="Scripts.cpp">
      <Filter>Default</Filter>
    </ClCompile>
    <ClCompile Include="qScriptMgr.cpp">
      <Filter>ScriptMgr</Filter>
    </ClCompile>
    <ClCompile Include="qPlayerScript.cpp">
      <Filter>Scripts\1. Player</Filter>
    </ClCompile>
    <ClCompile Include="qCameraMoveScript.cpp">
      <Filter>Scripts\0. Camera</Filter>
    </ClCompile>
    <ClCompile Include="qMissileScript.cpp">
      <Filter>Default</Filter>
    </ClCompile>
    <ClCompile Include="qTestScript.cpp">
      <Filter>Scripts\2. TestScript</Filter>
    </ClCompile>
  </ItemGroup>
</Project>