<?xml version="1.0" encoding="utf-8"?>
<Project ToolsVersion="4.0" xmlns="http://schemas.microsoft.com/developer/msbuild/2003">
  <ItemGroup>
    <Filter Include="01. Header">
      <UniqueIdentifier>{e5212310-6bb5-4a8d-9201-23a040f17614}</UniqueIdentifier>
    </Filter>
    <Filter Include="02. Engine">
      <UniqueIdentifier>{284d03b4-8448-44da-b70f-a83e484d3e6b}</UniqueIdentifier>
    </Filter>
    <Filter Include="Default">
      <UniqueIdentifier>{79f67a2b-5be7-4b5f-a299-39e1dae02267}</UniqueIdentifier>
    </Filter>
    <Filter Include="03. Device">
      <UniqueIdentifier>{3c6590bc-7e67-41c8-bdb4-ec98d459decd}</UniqueIdentifier>
    </Filter>
    <Filter Include="Module">
      <UniqueIdentifier>{ecb30820-9e6e-49ff-9fc5-5c1e9fee03fb}</UniqueIdentifier>
    </Filter>
    <Filter Include="HLSL">
      <UniqueIdentifier>{6c075f64-5db0-4cb9-861d-72f3f4ddb2e9}</UniqueIdentifier>
    </Filter>
    <Filter Include="04. Manager">
      <UniqueIdentifier>{e3991554-dc53-4f3e-86e1-97c246adb0d6}</UniqueIdentifier>
    </Filter>
    <Filter Include="04. Manager\01. PathMgr">
      <UniqueIdentifier>{ef5f394b-b5cd-4c67-9b15-f156912e2297}</UniqueIdentifier>
    </Filter>
    <Filter Include="04. Manager\02. TimeMgr">
      <UniqueIdentifier>{3e14cb63-9866-4961-887a-47264f74dbad}</UniqueIdentifier>
    </Filter>
    <Filter Include="04. Manager\03. KeyMgr">
      <UniqueIdentifier>{eee3427c-f3d7-40db-a373-bc896cc27109}</UniqueIdentifier>
    </Filter>
    <Filter Include="04. Manager\04. LevelMgr">
      <UniqueIdentifier>{51ee27bc-cb97-46e0-a012-2cc210a8c129}</UniqueIdentifier>
    </Filter>
    <Filter Include="04. Manager\05. AssetMgr">
      <UniqueIdentifier>{88441ef4-ea3c-4318-ac1d-538a9be670e2}</UniqueIdentifier>
    </Filter>
    <Filter Include="03. Device\ConstBuffer">
      <UniqueIdentifier>{3f098039-3c22-4374-972d-dc52b2f7d7f3}</UniqueIdentifier>
    </Filter>
    <Filter Include="06. Asset">
      <UniqueIdentifier>{f1562645-56e0-4c17-ace0-ebdcda5d1abb}</UniqueIdentifier>
    </Filter>
    <Filter Include="06. Asset\01. Mesh">
      <UniqueIdentifier>{738a548c-3f70-4467-bc63-41ee4a523c43}</UniqueIdentifier>
    </Filter>
    <Filter Include="06. Asset\02. MeshData">
      <UniqueIdentifier>{e2f0335a-9c64-47a8-9d94-a659bda50fd3}</UniqueIdentifier>
    </Filter>
    <Filter Include="06. Asset\03. Material">
      <UniqueIdentifier>{1742450d-a9a3-4e7f-8b68-cebad85a8861}</UniqueIdentifier>
    </Filter>
    <Filter Include="06. Asset\04. Prefab">
      <UniqueIdentifier>{a16a1f9b-438e-45f8-983b-ed90efb271b0}</UniqueIdentifier>
    </Filter>
    <Filter Include="06. Asset\05. Texture">
      <UniqueIdentifier>{36435925-90e1-474b-818a-4cc8fa406cab}</UniqueIdentifier>
    </Filter>
    <Filter Include="06. Asset\06. Sound">
      <UniqueIdentifier>{0098e869-7544-4f37-b402-ed241be3fd19}</UniqueIdentifier>
    </Filter>
    <Filter Include="07. GameObject">
      <UniqueIdentifier>{cfd7d4b3-ffdd-4424-9220-6da93b3144e9}</UniqueIdentifier>
    </Filter>
    <Filter Include="08. Component">
      <UniqueIdentifier>{cbb391ec-23a9-4c3e-86a5-1d42c1912830}</UniqueIdentifier>
    </Filter>
    <Filter Include="05. Level">
      <UniqueIdentifier>{f25fe03a-98d6-417e-9afe-93603162b85a}</UniqueIdentifier>
    </Filter>
    <Filter Include="08. Component\01. Transform">
      <UniqueIdentifier>{6d3a4d0d-541b-45ab-bf19-6af1b126a817}</UniqueIdentifier>
    </Filter>
    <Filter Include="08. Component\02. Collider2D">
      <UniqueIdentifier>{45e051d8-edbf-4a0b-b70b-baef282c1876}</UniqueIdentifier>
    </Filter>
    <Filter Include="08. Component\03. Collider3D">
      <UniqueIdentifier>{a0fb8b3c-c015-4bc6-802e-09242fa13ae7}</UniqueIdentifier>
    </Filter>
    <Filter Include="08. Component\05. Animator3D">
      <UniqueIdentifier>{0c51033f-1870-4aa5-8fbc-8d87efe9e8fa}</UniqueIdentifier>
    </Filter>
    <Filter Include="08. Component\06. RigidBody">
      <UniqueIdentifier>{19a16b50-341c-498a-b2c5-acd6df143a9a}</UniqueIdentifier>
    </Filter>
    <Filter Include="08. Component\07. Camera">
      <UniqueIdentifier>{2a205460-dd5d-4d5b-be32-6b3732d17c65}</UniqueIdentifier>
    </Filter>
    <Filter Include="04. Manager\06. RenderMgr">
      <UniqueIdentifier>{3485bc40-610e-43ae-923a-c5a99b58e58d}</UniqueIdentifier>
    </Filter>
    <Filter Include="04. Manager\07. CollisionMgr">
      <UniqueIdentifier>{ea69862e-a3f0-42e6-acf1-63ae9c3c7dcb}</UniqueIdentifier>
    </Filter>
    <Filter Include="06. Asset\09. Shader">
      <UniqueIdentifier>{df7abf6f-d65e-47ab-8e12-372cc2c68310}</UniqueIdentifier>
    </Filter>
    <Filter Include="06. Asset\09. Shader\01. GraphicShader">
      <UniqueIdentifier>{d1aff048-6895-4b48-b7fe-3a4e41a5c7d7}</UniqueIdentifier>
    </Filter>
    <Filter Include="06. Asset\09. Shader\02. ComputeShader">
      <UniqueIdentifier>{ae7e1bad-51f8-404a-a6dd-6aa6153ee77e}</UniqueIdentifier>
    </Filter>
    <Filter Include="06. Asset\07. Sprite">
      <UniqueIdentifier>{a9cb7312-42b7-4bf5-8e9c-46176e74a466}</UniqueIdentifier>
    </Filter>
    <Filter Include="06. Asset\08. FlipBook">
      <UniqueIdentifier>{f6cba7f1-551d-4180-8188-203ecf12e86b}</UniqueIdentifier>
    </Filter>
    <Filter Include="08. Component\04. FlipBookComponent">
      <UniqueIdentifier>{a15c471f-5b92-4c5c-b9f4-4d35de60cd3b}</UniqueIdentifier>
    </Filter>
    <Filter Include="HLSL\01. Header">
      <UniqueIdentifier>{41680160-ccdd-4f41-a983-1618e30c9066}</UniqueIdentifier>
    </Filter>
    <Filter Include="03. Device\StructuredBuffer">
      <UniqueIdentifier>{a6132389-716e-423f-8506-6387ab09e233}</UniqueIdentifier>
    </Filter>
    <Filter Include="08. Component\08. Light2D">
      <UniqueIdentifier>{26f02a90-06c5-4631-8167-31ff85b1e673}</UniqueIdentifier>
    </Filter>
    <Filter Include="04. Manager\08. TaskMgr">
      <UniqueIdentifier>{3ccef5f2-8118-4039-b84d-8dbb082b4c09}</UniqueIdentifier>
    </Filter>
    <Filter Include="HLSL\03. Compute">
      <UniqueIdentifier>{6bb9bf2d-1fbe-4f1b-a153-63cdefc9a8de}</UniqueIdentifier>
    </Filter>
    <Filter Include="HLSL\03. Compute\01. SetColorShader">
      <UniqueIdentifier>{6bf94827-2d59-41eb-a109-6c219d71c0e1}</UniqueIdentifier>
    </Filter>
    <Filter Include="HLSL\03. Compute\02. ParticleTick">
      <UniqueIdentifier>{b48532bd-5306-4949-9155-f36a2102bdcc}</UniqueIdentifier>
    </Filter>
    <Filter Include="04. Manager\09. FontMgr">
      <UniqueIdentifier>{feb9b59c-fc6f-4dae-892c-ca8ce7ec85ef}</UniqueIdentifier>
    </Filter>
    <Filter Include="HLSL\02. Render">
      <UniqueIdentifier>{7c7ea7e7-edef-4626-bac0-32ac93dbb035}</UniqueIdentifier>
    </Filter>
    <Filter Include="HLSL\02. Render\03. PostProcess">
      <UniqueIdentifier>{c0389faa-918c-4790-b5dd-488f2e3dc7f8}</UniqueIdentifier>
    </Filter>
    <Filter Include="HLSL\02. Render\01. 2D">
      <UniqueIdentifier>{50eddc20-f3d5-44e2-9fb4-1769067aa21d}</UniqueIdentifier>
    </Filter>
    <Filter Include="HLSL\02. Render\02. 3D">
      <UniqueIdentifier>{6a0ebd66-6e5c-4ca6-afee-8d002c5a07eb}</UniqueIdentifier>
    </Filter>
    <Filter Include="Entity">
      <UniqueIdentifier>{a8492128-d24e-47d9-9a9f-48399b1ac70a}</UniqueIdentifier>
    </Filter>
    <Filter Include="08. Component\10. RenderComponent">
      <UniqueIdentifier>{519d3178-2a7d-4e89-912e-dada15757b8f}</UniqueIdentifier>
    </Filter>
    <Filter Include="08. Component\10. RenderComponent\01. MeshRender">
      <UniqueIdentifier>{e0c21257-382d-4a66-b3b2-77148ea2ecc6}</UniqueIdentifier>
    </Filter>
    <Filter Include="08. Component\10. RenderComponent\02. TileMap">
      <UniqueIdentifier>{d85d8a15-a1ff-4756-89fb-0cf0dee253d6}</UniqueIdentifier>
    </Filter>
    <Filter Include="08. Component\10. RenderComponent\03. ParticleSystem">
      <UniqueIdentifier>{b97cdf5a-8799-4d0c-9b0e-e7434ec0aafe}</UniqueIdentifier>
    </Filter>
    <Filter Include="08. Component\10. RenderComponent\04. Decal">
      <UniqueIdentifier>{1095aa69-fe34-4927-aedc-4730dade805c}</UniqueIdentifier>
    </Filter>
    <Filter Include="08. Component\10. RenderComponent\05. SkyBox">
      <UniqueIdentifier>{fc00d235-2376-412e-a8bc-3e66ca1a5e41}</UniqueIdentifier>
    </Filter>
    <Filter Include="08. Component\10. RenderComponent\06. LandScape">
      <UniqueIdentifier>{0ad125ba-f467-4dbd-bc2a-84e881261706}</UniqueIdentifier>
    </Filter>
    <Filter Include="08. Component\11. Script">
      <UniqueIdentifier>{60632b66-931b-4f9c-ad8a-451e4011454b}</UniqueIdentifier>
    </Filter>
    <Filter Include="08. Component\09. StateMachine">
      <UniqueIdentifier>{0f063462-7b18-42ab-aaf3-631676b113a5}</UniqueIdentifier>
    </Filter>
    <Filter Include="08. Component\00. FSM">
      <UniqueIdentifier>{54d1f6aa-0338-4bec-89a2-a7ecbd13399c}</UniqueIdentifier>
    </Filter>
    <Filter Include="08. Component\00. FSM\State">
      <UniqueIdentifier>{9f2a991e-bd85-4b6d-aad2-3e7a0012e28e}</UniqueIdentifier>
    </Filter>
    <Filter Include="05. Level\01. stage1">
      <UniqueIdentifier>{23ed4445-d66c-47a6-a76a-db1c2035b852}</UniqueIdentifier>
    </Filter>
    <Filter Include="05. Level\02. stage2">
      <UniqueIdentifier>{5bd44848-95b8-400d-aa5c-98a9c4b8ffb9}</UniqueIdentifier>
    </Filter>
    <Filter Include="05. Level\03. boss">
      <UniqueIdentifier>{3179255a-c207-4564-a905-267c3c5334b7}</UniqueIdentifier>
    </Filter>
  </ItemGroup>
  <ItemGroup>
    <ClInclude Include="pch.h">
      <Filter>Default</Filter>
    </ClInclude>
    <ClInclude Include="framework.h">
      <Filter>Default</Filter>
    </ClInclude>
    <ClInclude Include="qEngine.h">
      <Filter>02. Engine</Filter>
    </ClInclude>
    <ClInclude Include="singleton.h">
      <Filter>01. Header</Filter>
    </ClInclude>
    <ClInclude Include="global.h">
      <Filter>01. Header</Filter>
    </ClInclude>
    <ClInclude Include="define.h">
      <Filter>01. Header</Filter>
    </ClInclude>
    <ClInclude Include="qDevice.h">
      <Filter>03. Device</Filter>
    </ClInclude>
    <ClInclude Include="SimpleMath.h">
      <Filter>Module</Filter>
    </ClInclude>
    <ClInclude Include="qPathMgr.h">
      <Filter>04. Manager\01. PathMgr</Filter>
    </ClInclude>
    <ClInclude Include="qTimeMgr.h">
      <Filter>04. Manager\02. TimeMgr</Filter>
    </ClInclude>
    <ClInclude Include="qKeyMgr.h">
      <Filter>04. Manager\03. KeyMgr</Filter>
    </ClInclude>
    <ClInclude Include="struct.h">
      <Filter>01. Header</Filter>
    </ClInclude>
    <ClInclude Include="qAsset.h">
      <Filter>06. Asset</Filter>
    </ClInclude>
    <ClInclude Include="qAssetMgr.h">
      <Filter>04. Manager\05. AssetMgr</Filter>
    </ClInclude>
    <ClInclude Include="enum.h">
      <Filter>01. Header</Filter>
    </ClInclude>
    <ClInclude Include="qMesh.h">
      <Filter>06. Asset\01. Mesh</Filter>
    </ClInclude>
    <ClInclude Include="qConstBuffer.h">
      <Filter>03. Device\ConstBuffer</Filter>
    </ClInclude>
    <ClInclude Include="qShader.h">
      <Filter>06. Asset\09. Shader</Filter>
    </ClInclude>
    <ClInclude Include="assets.h">
      <Filter>01. Header</Filter>
    </ClInclude>
    <ClInclude Include="qGraphicShader.h">
      <Filter>06. Asset\09. Shader\01. GraphicShader</Filter>
    </ClInclude>
    <ClInclude Include="qComputeShader.h">
      <Filter>06. Asset\09. Shader\02. ComputeShader</Filter>
    </ClInclude>
    <ClInclude Include="func.h">
      <Filter>01. Header</Filter>
    </ClInclude>
    <ClInclude Include="qLevel.h">
      <Filter>05. Level</Filter>
    </ClInclude>
    <ClInclude Include="qGameObject.h">
      <Filter>07. GameObject</Filter>
    </ClInclude>
    <ClInclude Include="qLayer.h">
      <Filter>05. Level</Filter>
    </ClInclude>
    <ClInclude Include="qLevelMgr.h">
      <Filter>04. Manager\04. LevelMgr</Filter>
    </ClInclude>
    <ClInclude Include="qComponent.h">
      <Filter>08. Component</Filter>
    </ClInclude>
    <ClInclude Include="components.h">
      <Filter>01. Header</Filter>
    </ClInclude>
    <ClInclude Include="qTransform.h">
      <Filter>08. Component\01. Transform</Filter>
    </ClInclude>
    <ClInclude Include="qRenderComponent.h">
      <Filter>08. Component\10. RenderComponent</Filter>
    </ClInclude>
    <ClInclude Include="qMeshRender.h">
      <Filter>08. Component\10. RenderComponent\01. MeshRender</Filter>
    </ClInclude>
    <ClInclude Include="Ptr.h">
      <Filter>06. Asset</Filter>
    </ClInclude>
    <ClInclude Include="qCamera.h">
      <Filter>08. Component\07. Camera</Filter>
    </ClInclude>
    <ClInclude Include="qRenderMgr.h">
      <Filter>04. Manager\06. RenderMgr</Filter>
    </ClInclude>
    <ClInclude Include="qScript.h">
      <Filter>08. Component\11. Script</Filter>
    </ClInclude>
    <ClInclude Include="qTexture.h">
      <Filter>06. Asset\05. Texture</Filter>
    </ClInclude>
    <ClInclude Include="qMaterial.h">
      <Filter>06. Asset\03. Material</Filter>
    </ClInclude>
    <ClInclude Include="qCollider2D.h">
      <Filter>08. Component\02. Collider2D</Filter>
    </ClInclude>
    <ClInclude Include="qCollisionMgr.h">
      <Filter>04. Manager\07. CollisionMgr</Filter>
    </ClInclude>
    <ClInclude Include="qTaskMgr.h">
      <Filter>04. Manager\08. TaskMgr</Filter>
    </ClInclude>
    <ClInclude Include="qSprite.h">
      <Filter>06. Asset\07. Sprite</Filter>
    </ClInclude>
    <ClInclude Include="qFlipBook.h">
      <Filter>06. Asset\08. FlipBook</Filter>
    </ClInclude>
    <ClInclude Include="qFlipBookComponent.h">
      <Filter>08. Component\04. FlipBookComponent</Filter>
    </ClInclude>
    <ClInclude Include="qTileMap.h">
      <Filter>08. Component\10. RenderComponent\02. TileMap</Filter>
    </ClInclude>
    <ClInclude Include="qStructuredBuffer.h">
      <Filter>03. Device\StructuredBuffer</Filter>
    </ClInclude>
    <ClInclude Include="qLight2D.h">
      <Filter>08. Component\08. Light2D</Filter>
    </ClInclude>
    <ClInclude Include="qPrefab.h">
      <Filter>06. Asset\04. Prefab</Filter>
    </ClInclude>
    <ClInclude Include="qRigidBody.h">
      <Filter>08. Component\06. RigidBody</Filter>
    </ClInclude>
    <ClInclude Include="qParticleSystem.h">
      <Filter>08. Component\10. RenderComponent\03. ParticleSystem</Filter>
    </ClInclude>
    <ClInclude Include="qSetColorCS.h">
      <Filter>HLSL\03. Compute\01. SetColorShader</Filter>
    </ClInclude>
    <ClInclude Include="qParticleTickCS.h">
      <Filter>HLSL\03. Compute\02. ParticleTick</Filter>
    </ClInclude>
    <ClInclude Include="qSound.h">
      <Filter>06. Asset\06. Sound</Filter>
    </ClInclude>
    <ClInclude Include="qFontMgr.h">
      <Filter>04. Manager\09. FontMgr</Filter>
    </ClInclude>
    <ClInclude Include="qEntity.h">
      <Filter>Entity</Filter>
    </ClInclude>
    <ClInclude Include="qState.h">
      <Filter>08. Component\00. FSM\State</Filter>
    </ClInclude>
    <ClInclude Include="qFSM.h">
      <Filter>08. Component\00. FSM</Filter>
    </ClInclude>
    <ClInclude Include="qLevel_stage1.h">
      <Filter>05. Level\01. stage1</Filter>
    </ClInclude>
  </ItemGroup>
  <ItemGroup>
    <ClCompile Include="Engine.cpp">
      <Filter>Default</Filter>
    </ClCompile>
    <ClCompile Include="pch.cpp">
      <Filter>Default</Filter>
    </ClCompile>
    <ClCompile Include="qEngine.cpp">
      <Filter>02. Engine</Filter>
    </ClCompile>
    <ClCompile Include="qDevice.cpp">
      <Filter>03. Device</Filter>
    </ClCompile>
    <ClCompile Include="qPathMgr.cpp">
      <Filter>04. Manager\01. PathMgr</Filter>
    </ClCompile>
    <ClCompile Include="qTimeMgr.cpp">
      <Filter>04. Manager\02. TimeMgr</Filter>
    </ClCompile>
    <ClCompile Include="qKeyMgr.cpp">
      <Filter>04. Manager\03. KeyMgr</Filter>
    </ClCompile>
    <ClCompile Include="qAsset.cpp">
      <Filter>06. Asset</Filter>
    </ClCompile>
    <ClCompile Include="qAssetMgr.cpp">
      <Filter>04. Manager\05. AssetMgr</Filter>
    </ClCompile>
    <ClCompile Include="qMesh.cpp">
      <Filter>06. Asset\01. Mesh</Filter>
    </ClCompile>
    <ClCompile Include="qConstBuffer.cpp">
      <Filter>03. Device\ConstBuffer</Filter>
    </ClCompile>
    <ClCompile Include="qShader.cpp">
      <Filter>06. Asset\09. Shader</Filter>
    </ClCompile>
    <ClCompile Include="qGraphicShader.cpp">
      <Filter>06. Asset\09. Shader\01. GraphicShader</Filter>
    </ClCompile>
    <ClCompile Include="qComputeShader.cpp">
      <Filter>06. Asset\09. Shader\02. ComputeShader</Filter>
    </ClCompile>
    <ClCompile Include="qLevel.cpp">
      <Filter>05. Level</Filter>
    </ClCompile>
    <ClCompile Include="qGameObject.cpp">
      <Filter>07. GameObject</Filter>
    </ClCompile>
    <ClCompile Include="qLayer.cpp">
      <Filter>05. Level</Filter>
    </ClCompile>
    <ClCompile Include="qLevelMgr.cpp">
      <Filter>04. Manager\04. LevelMgr</Filter>
    </ClCompile>
    <ClCompile Include="qComponent.cpp">
      <Filter>08. Component</Filter>
    </ClCompile>
    <ClCompile Include="qTransform.cpp">
      <Filter>08. Component\01. Transform</Filter>
    </ClCompile>
    <ClCompile Include="qRenderComponent.cpp">
      <Filter>08. Component\10. RenderComponent</Filter>
    </ClCompile>
    <ClCompile Include="qMeshRender.cpp">
      <Filter>08. Component\10. RenderComponent\01. MeshRender</Filter>
    </ClCompile>
    <ClCompile Include="qCamera.cpp">
      <Filter>08. Component\07. Camera</Filter>
    </ClCompile>
    <ClCompile Include="qRenderMgr.cpp">
      <Filter>04. Manager\06. RenderMgr</Filter>
    </ClCompile>
    <ClCompile Include="extern.cpp">
      <Filter>01. Header</Filter>
    </ClCompile>
    <ClCompile Include="qScript.cpp">
      <Filter>08. Component\11. Script</Filter>
    </ClCompile>
    <ClCompile Include="qTexture.cpp">
      <Filter>06. Asset\05. Texture</Filter>
    </ClCompile>
    <ClCompile Include="qMaterial.cpp">
      <Filter>06. Asset\03. Material</Filter>
    </ClCompile>
    <ClCompile Include="qAssetInit.cpp">
      <Filter>04. Manager\05. AssetMgr</Filter>
    </ClCompile>
    <ClCompile Include="func.cpp">
      <Filter>01. Header</Filter>
    </ClCompile>
    <ClCompile Include="qCollider2D.cpp">
      <Filter>08. Component\02. Collider2D</Filter>
    </ClCompile>
    <ClCompile Include="qCollisionMgr.cpp">
      <Filter>04. Manager\07. CollisionMgr</Filter>
    </ClCompile>
    <ClCompile Include="qTaskMgr.cpp">
      <Filter>04. Manager\08. TaskMgr</Filter>
    </ClCompile>
    <ClCompile Include="qSprite.cpp">
      <Filter>06. Asset\07. Sprite</Filter>
    </ClCompile>
    <ClCompile Include="qFlipBook.cpp">
      <Filter>06. Asset\08. FlipBook</Filter>
    </ClCompile>
    <ClCompile Include="qFlipBookComponent.cpp">
      <Filter>08. Component\04. FlipBookComponent</Filter>
    </ClCompile>
    <ClCompile Include="qTileMap.cpp">
      <Filter>08. Component\10. RenderComponent\02. TileMap</Filter>
    </ClCompile>
    <ClCompile Include="qStructuredBuffer.cpp">
      <Filter>03. Device\StructuredBuffer</Filter>
    </ClCompile>
    <ClCompile Include="qLight2D.cpp">
      <Filter>08. Component\08. Light2D</Filter>
    </ClCompile>
    <ClCompile Include="qPrefab.cpp">
      <Filter>06. Asset\04. Prefab</Filter>
    </ClCompile>
    <ClCompile Include="qRigidBody.cpp">
      <Filter>08. Component\06. RigidBody</Filter>
    </ClCompile>
    <ClCompile Include="qParticleSystem.cpp">
      <Filter>08. Component\10. RenderComponent\03. ParticleSystem</Filter>
    </ClCompile>
    <ClCompile Include="qSetColorCS.cpp">
      <Filter>HLSL\03. Compute\01. SetColorShader</Filter>
    </ClCompile>
    <ClCompile Include="qParticleTickCS.cpp">
      <Filter>HLSL\03. Compute\02. ParticleTick</Filter>
    </ClCompile>
    <ClCompile Include="qSound.cpp">
      <Filter>06. Asset\06. Sound</Filter>
    </ClCompile>
    <ClCompile Include="qFontMgr.cpp">
      <Filter>04. Manager\09. FontMgr</Filter>
    </ClCompile>
    <ClCompile Include="qEntity.cpp">
      <Filter>Entity</Filter>
    </ClCompile>
    <ClCompile Include="qState.cpp">
      <Filter>08. Component\00. FSM\State</Filter>
    </ClCompile>
    <ClCompile Include="qFSM.cpp">
      <Filter>08. Component\00. FSM</Filter>
    </ClCompile>
    <ClCompile Include="qLevel_stage1.cpp">
      <Filter>05. Level\01. stage1</Filter>
    </ClCompile>
  </ItemGroup>
  <ItemGroup>
    <None Include="SimpleMath.inl">
      <Filter>Module</Filter>
    </None>
  </ItemGroup>
  <ItemGroup>
    <FxCompile Include="func.fx">
      <Filter>HLSL\01. Header</Filter>
    </FxCompile>
    <FxCompile Include="value.fx">
      <Filter>HLSL\01. Header</Filter>
    </FxCompile>
    <FxCompile Include="struct.fx">
      <Filter>HLSL\01. Header</Filter>
    </FxCompile>
    <FxCompile Include="tilemap.fx">
      <Filter>HLSL\02. Render\01. 2D</Filter>
    </FxCompile>
    <FxCompile Include="std2d.fx">
      <Filter>HLSL\02. Render\01. 2D</Filter>
    </FxCompile>
    <FxCompile Include="debug.fx">
      <Filter>HLSL\02. Render\01. 2D</Filter>
    </FxCompile>
    <FxCompile Include="postprocess.fx">
      <Filter>HLSL\02. Render\03. PostProcess</Filter>
    </FxCompile>
    <FxCompile Include="setcolor.fx">
      <Filter>HLSL\03. Compute\01. SetColorShader</Filter>
    </FxCompile>
    <FxCompile Include="particle.fx">
      <Filter>HLSL\02. Render\01. 2D</Filter>
    </FxCompile>
    <FxCompile Include="particletick.fx">
      <Filter>HLSL\03. Compute\02. ParticleTick</Filter>
    </FxCompile>
    <FxCompile Include="std3d.fx">
      <Filter>HLSL\02. Render\02. 3D</Filter>
    </FxCompile>
  </ItemGroup>
</Project>