<?xml version="1.0" encoding="utf-8"?>
<Project ToolsVersion="4.0" xmlns="http://schemas.microsoft.com/developer/msbuild/2003">
  <ItemGroup>
    <Filter Include="Default">
      <UniqueIdentifier>{717ae687-373a-4186-ab7a-7695020f35d5}</UniqueIdentifier>
    </Filter>
    <Filter Include="StateMgr">
      <UniqueIdentifier>{071a7efa-019c-45cf-9eb5-1e3a1a380d49}</UniqueIdentifier>
    </Filter>
    <Filter Include="States">
      <UniqueIdentifier>{0156de73-1e27-4086-87e0-407f9021b8c1}</UniqueIdentifier>
    </Filter>
    <Filter Include="States\03. Boss">
      <UniqueIdentifier>{c42b98ea-b9a0-467f-a8a7-46d9c05ea5ed}</UniqueIdentifier>
    </Filter>
    <Filter Include="States\03. Boss\06. Hit">
      <UniqueIdentifier>{1a354d65-d89b-422d-88de-8ae9182d4d17}</UniqueIdentifier>
    </Filter>
    <Filter Include="States\03. Boss\02. Run">
      <UniqueIdentifier>{a900fe29-cd01-4c65-a312-c84a3c5b9464}</UniqueIdentifier>
    </Filter>
    <Filter Include="States\03. Boss\08. Stay">
      <UniqueIdentifier>{c50ce347-f5ad-4982-8e55-44ddc812bc04}</UniqueIdentifier>
    </Filter>
    <Filter Include="States\03. Boss\04. Slam">
      <UniqueIdentifier>{fb35f043-6cda-443a-9049-b1bbeb470fec}</UniqueIdentifier>
    </Filter>
    <Filter Include="States\03. Boss\04. Slam\SlamFist">
      <UniqueIdentifier>{81e297a7-56ea-4caf-8413-e7c80f95957e}</UniqueIdentifier>
    </Filter>
    <Filter Include="States\03. Boss\01. Idle">
      <UniqueIdentifier>{3c61b454-8911-478f-8a2a-3ecbf794fe14}</UniqueIdentifier>
    </Filter>
    <Filter Include="States\03. Boss\07. Death">
      <UniqueIdentifier>{fb69b84e-18d9-47b0-9385-904f271f9735}</UniqueIdentifier>
    </Filter>
    <Filter Include="States\03. Boss\09. Uturn">
      <UniqueIdentifier>{d3fc67c7-51e5-47b6-a1b7-6dd4b3b65f89}</UniqueIdentifier>
    </Filter>
    <Filter Include="States\03. Boss\05. Bleed">
      <UniqueIdentifier>{0ab7dfdf-ccd7-49c3-9e14-d9305dd5d585}</UniqueIdentifier>
    </Filter>
    <Filter Include="States\03. Boss\05. Bleed\BleedWave">
      <UniqueIdentifier>{ceadc944-4a58-431f-b30d-678226ba1d3a}</UniqueIdentifier>
    </Filter>
    <Filter Include="States\03. Boss\03. Punch">
      <UniqueIdentifier>{d83117a6-ec7d-4e21-b024-f1da3616616f}</UniqueIdentifier>
    </Filter>
    <Filter Include="States\03. Boss\00. Intro">
      <UniqueIdentifier>{88bbfb62-39e9-4918-9a92-114a0043ade0}</UniqueIdentifier>
    </Filter>
    <Filter Include="States\01. Player">
      <UniqueIdentifier>{582d3aaa-73bb-4a44-9914-dcbf7c4b9cff}</UniqueIdentifier>
    </Filter>
    <Filter Include="States\01. Player\00. Idle">
      <UniqueIdentifier>{f3cb03a2-1c85-46ff-9680-28e5d2d059d6}</UniqueIdentifier>
    </Filter>
    <Filter Include="States\01. Player\01. Wait">
      <UniqueIdentifier>{2a67ea33-f968-4016-a9d1-a985348854e8}</UniqueIdentifier>
    </Filter>
    <Filter Include="States\01. Player\02. Run">
      <UniqueIdentifier>{72e29955-b246-4344-a22c-60b773d02d89}</UniqueIdentifier>
    </Filter>
    <Filter Include="States\01. Player\03. IdleToRun">
      <UniqueIdentifier>{704ec617-c595-4b86-bf9e-35eeab0f543a}</UniqueIdentifier>
    </Filter>
    <Filter Include="States\01. Player\04. RunToIdle">
      <UniqueIdentifier>{d9297b18-dcd5-404a-8056-649d16c3287d}</UniqueIdentifier>
    </Filter>
    <Filter Include="States\01. Player\05. IdleUTurn">
      <UniqueIdentifier>{65ff4315-c3c2-4e43-b1b7-f08540c83f9b}</UniqueIdentifier>
    </Filter>
    <Filter Include="States\01. Player\06. RunUTurn">
      <UniqueIdentifier>{5cb52133-6c15-468d-9a90-1949996b5ed1}</UniqueIdentifier>
    </Filter>
    <Filter Include="States\01. Player\07. Jump">
      <UniqueIdentifier>{a70af467-9b55-4f2b-a9a4-c83cb8fb18eb}</UniqueIdentifier>
    </Filter>
    <Filter Include="States\01. Player\09. Landing">
      <UniqueIdentifier>{6539a6dd-1cc0-4a74-880f-712008b0591f}</UniqueIdentifier>
    </Filter>
    <Filter Include="States\01. Player\10. Dash">
      <UniqueIdentifier>{a1c11225-3d7d-45cb-8cd3-f6f39541f20e}</UniqueIdentifier>
    </Filter>
    <Filter Include="States\01. Player\08. Falling">
      <UniqueIdentifier>{4cee6756-703e-4882-aa97-d61816b833bb}</UniqueIdentifier>
    </Filter>
    <Filter Include="States\01. Player\13. Combo_1">
      <UniqueIdentifier>{be8a6b50-8ebe-42c4-8256-4d6e156ca95b}</UniqueIdentifier>
    </Filter>
    <Filter Include="States\01. Player\14. Combo_2">
      <UniqueIdentifier>{c55d330f-f9b2-46e7-b322-45f7bd4ef649}</UniqueIdentifier>
    </Filter>
    <Filter Include="States\01. Player\15. Combo_3">
      <UniqueIdentifier>{9bc186fe-941c-42b4-9456-a7bf379e9822}</UniqueIdentifier>
    </Filter>
    <Filter Include="States\01. Player\16. Combo_4">
      <UniqueIdentifier>{fd056cd5-07ae-4271-9d9f-9d910d7ecc9c}</UniqueIdentifier>
    </Filter>
    <Filter Include="States\01. Player\19. Crash">
      <UniqueIdentifier>{c6f0b898-3527-4c77-8499-ada6b71d0d2b}</UniqueIdentifier>
    </Filter>
    <Filter Include="States\01. Player\20. Range">
      <UniqueIdentifier>{83904cd2-f573-4dac-8c53-a437d1f5e4c5}</UniqueIdentifier>
    </Filter>
    <Filter Include="States\01. Player\18. Book">
      <UniqueIdentifier>{49aff352-4ede-4bbc-b262-49d2ee0f8955}</UniqueIdentifier>
    </Filter>
    <Filter Include="States\01. Player\17. BookShoot">
      <UniqueIdentifier>{fef629e1-f53a-4022-a403-7475a0aa1ec9}</UniqueIdentifier>
    </Filter>
    <Filter Include="States\01. Player\21. Krush">
      <UniqueIdentifier>{93ed5424-144e-43a4-9665-ccfa5e29368a}</UniqueIdentifier>
    </Filter>
    <Filter Include="States\01. Player\24. Bump">
      <UniqueIdentifier>{d33a810c-6d15-482e-a275-128c35a074a4}</UniqueIdentifier>
    </Filter>
    <Filter Include="States\01. Player\22-23. Teleport">
      <UniqueIdentifier>{9b113d65-5267-4357-9349-cae2de644dbd}</UniqueIdentifier>
    </Filter>
    <Filter Include="States\01. Player\22-23. Teleport\1. Teleport">
      <UniqueIdentifier>{ab112aa6-99fd-4c98-9550-066b8d023688}</UniqueIdentifier>
    </Filter>
    <Filter Include="States\01. Player\22-23. Teleport\2. TeleportFinish">
      <UniqueIdentifier>{18b664ac-5748-4ae3-864b-f8d924afb03a}</UniqueIdentifier>
    </Filter>
    <Filter Include="States\01. Player\25. PlayerNull">
      <UniqueIdentifier>{5e77d63c-0ca5-4a3d-b044-b02ab11a1545}</UniqueIdentifier>
    </Filter>
    <Filter Include="States\01. Player\11. ElevatorOut">
      <UniqueIdentifier>{7b9b8547-94b4-4823-a328-f87a2508b182}</UniqueIdentifier>
    </Filter>
    <Filter Include="States\05. Effect">
      <UniqueIdentifier>{6bd98df2-468b-4aee-aba4-446ce2b36bfe}</UniqueIdentifier>
    </Filter>
    <Filter Include="States\05. Effect\01. PlayerEffect">
      <UniqueIdentifier>{d65841d9-cbba-4004-820e-adb8d7b488d4}</UniqueIdentifier>
    </Filter>
    <Filter Include="States\05. Effect\03. DeathSoul">
      <UniqueIdentifier>{5ba77076-957a-424b-86f0-13266e7978ca}</UniqueIdentifier>
    </Filter>
    <Filter Include="States\05. Effect\02. BookEffect">
      <UniqueIdentifier>{34ea5380-d523-4cc9-8f6c-ac2e44de46f8}</UniqueIdentifier>
    </Filter>
    <Filter Include="States\02. Monster">
      <UniqueIdentifier>{a567f482-ff71-446b-9a1a-4bc7795e8dd8}</UniqueIdentifier>
    </Filter>
    <Filter Include="States\02. Monster\01. Skeleton">
      <UniqueIdentifier>{1af5af78-5fdc-476e-8048-e6acab3d5847}</UniqueIdentifier>
    </Filter>
    <Filter Include="States\02. Monster\01. Skeleton\01, Idle">
      <UniqueIdentifier>{b70f56f7-eea3-40e1-9c1b-e8f12a1f5949}</UniqueIdentifier>
    </Filter>
    <Filter Include="States\02. Monster\01. Skeleton\02. Attack">
      <UniqueIdentifier>{3a09383d-a547-4fe7-a8c9-169538a3ea5d}</UniqueIdentifier>
    </Filter>
    <Filter Include="States\02. Monster\01. Skeleton\03. Death">
      <UniqueIdentifier>{e5da12d3-d5eb-4e87-a84c-93cebd217de6}</UniqueIdentifier>
    </Filter>
    <Filter Include="States\02. Monster\02. Drowned">
      <UniqueIdentifier>{8d4b0b99-d962-430b-828f-70f6548e0b1b}</UniqueIdentifier>
    </Filter>
    <Filter Include="States\02. Monster\02. Drowned\01. Idle">
      <UniqueIdentifier>{be72aecb-243d-48d7-8d11-3a30d856cb9a}</UniqueIdentifier>
    </Filter>
    <Filter Include="States\02. Monster\02. Drowned\02. Run">
      <UniqueIdentifier>{9e9d8a57-3256-4cfb-a3b9-71136b108fbb}</UniqueIdentifier>
    </Filter>
    <Filter Include="States\02. Monster\02. Drowned\03. Uturn">
      <UniqueIdentifier>{015d0bbb-17bd-4382-91a8-ab100a755d8c}</UniqueIdentifier>
    </Filter>
    <Filter Include="States\02. Monster\02. Drowned\04. Attack">
      <UniqueIdentifier>{877ef99b-a04f-4462-b313-f2aadc92f636}</UniqueIdentifier>
    </Filter>
    <Filter Include="States\02. Monster\02. Drowned\05. Hit">
      <UniqueIdentifier>{f19665aa-fd7c-4b7f-9590-00df22cefc3c}</UniqueIdentifier>
    </Filter>
    <Filter Include="States\02. Monster\02. Drowned\06. Death">
      <UniqueIdentifier>{995286ab-64e8-4c8d-a676-c4f2f6b44cd2}</UniqueIdentifier>
    </Filter>
    <Filter Include="States\02. Monster\03. Ghost">
      <UniqueIdentifier>{e266f0d2-aa00-4a89-9ab3-0eaf061b2968}</UniqueIdentifier>
    </Filter>
    <Filter Include="States\02. Monster\03. Ghost\01. Idle">
      <UniqueIdentifier>{cad20532-7fa6-488c-9de3-2a4c443cfe93}</UniqueIdentifier>
    </Filter>
    <Filter Include="States\02. Monster\03. Ghost\02. Run">
      <UniqueIdentifier>{dc48bcf3-3708-44d6-a730-b5c9402494b6}</UniqueIdentifier>
    </Filter>
    <Filter Include="States\02. Monster\03. Ghost\03. Uturn">
      <UniqueIdentifier>{40e93102-4f95-4aeb-b414-137f7527b711}</UniqueIdentifier>
    </Filter>
    <Filter Include="States\02. Monster\03. Ghost\04. Attack">
      <UniqueIdentifier>{ac70b7a6-7fd9-4483-a00c-5041afa8f8fe}</UniqueIdentifier>
    </Filter>
    <Filter Include="States\02. Monster\03. Ghost\05. Hit">
      <UniqueIdentifier>{f2ef436c-b6e3-4f3c-b5fd-c8802d19c8ff}</UniqueIdentifier>
    </Filter>
    <Filter Include="States\02. Monster\03. Ghost\06. Death">
      <UniqueIdentifier>{cb41d611-507c-482c-84c6-019a3bede622}</UniqueIdentifier>
    </Filter>
    <Filter Include="States\02. Monster\03. Ghost\07. Fire">
      <UniqueIdentifier>{7346237d-1946-4a3b-8364-3f0103c09760}</UniqueIdentifier>
    </Filter>
    <Filter Include="States\04. Transfer">
      <UniqueIdentifier>{05617edf-af18-4ac4-91c8-e9ab2b7ef305}</UniqueIdentifier>
    </Filter>
    <Filter Include="States\04. Transfer\01. Door">
      <UniqueIdentifier>{3000bb7e-041d-435c-819c-b9528ccb4357}</UniqueIdentifier>
    </Filter>
    <Filter Include="States\04. Transfer\01. Door\01. DoorStay">
      <UniqueIdentifier>{e4c720ba-38ea-4357-b2be-4980f106221b}</UniqueIdentifier>
    </Filter>
    <Filter Include="States\04. Transfer\01. Door\02. DoorOpen">
      <UniqueIdentifier>{0a3fc72e-6695-41f5-907c-2ac377f82411}</UniqueIdentifier>
    </Filter>
    <Filter Include="States\04. Transfer\01. Door\03. DoorClose">
      <UniqueIdentifier>{4c4a19d5-d88e-435b-ba17-1e9ec5d782e7}</UniqueIdentifier>
    </Filter>
    <Filter Include="States\04. Transfer\02. Elevator">
      <UniqueIdentifier>{49673084-a1b2-458c-b14a-ea1b24d7e542}</UniqueIdentifier>
    </Filter>
    <Filter Include="States\04. Transfer\02. Elevator\01. ElevatorStay">
      <UniqueIdentifier>{04fa231b-7a2f-4b57-aaa7-9fb973aa763c}</UniqueIdentifier>
    </Filter>
    <Filter Include="States\04. Transfer\02. Elevator\02. ElevatorOpen">
      <UniqueIdentifier>{73d52084-b4a6-433b-9994-6b35823e0e19}</UniqueIdentifier>
    </Filter>
    <Filter Include="States\04. Transfer\02. Elevator\03. ElevatorClose">
      <UniqueIdentifier>{a7bf439c-4646-4034-826d-2210f650cb06}</UniqueIdentifier>
    </Filter>
    <Filter Include="States\04. Transfer\03. Post">
      <UniqueIdentifier>{881ad34e-885c-4deb-ba81-1f3714288c89}</UniqueIdentifier>
    </Filter>
    <Filter Include="States\04. Transfer\03. Post\01. PostClose">
      <UniqueIdentifier>{08858cbb-b0d6-4ef5-9589-89763dadeee9}</UniqueIdentifier>
    </Filter>
    <Filter Include="States\04. Transfer\03. Post\02. PostOpen">
      <UniqueIdentifier>{c599ff55-c70b-40a6-9649-a4c8cbde0f00}</UniqueIdentifier>
    </Filter>
    <Filter Include="States\04. Transfer\04. Loading">
      <UniqueIdentifier>{7a1b232e-23c2-4108-a2ed-2001d37c6e0e}</UniqueIdentifier>
    </Filter>
    <Filter Include="States\04. Transfer\05. Clap">
      <UniqueIdentifier>{a9ff4775-2b76-4698-a957-b8b5e910e631}</UniqueIdentifier>
    </Filter>
    <Filter Include="States\01. Player\12. GetItem">
      <UniqueIdentifier>{84c87e1e-f3e7-40d7-a402-03e2428f3dc7}</UniqueIdentifier>
    </Filter>
    <Filter Include="States\05. Effect\04. Warning">
      <UniqueIdentifier>{e8159030-fc88-45f0-976a-9aa02e0af4c9}</UniqueIdentifier>
    </Filter>
    <Filter Include="States\04. Transfer\06. Logo">
      <UniqueIdentifier>{15305380-b771-4f96-968b-b2e1f833568b}</UniqueIdentifier>
    </Filter>
    <Filter Include="States\04. Transfer\04. Loading\01. Loading 1">
      <UniqueIdentifier>{00822f4a-286f-43bc-a695-ab210827ee0d}</UniqueIdentifier>
    </Filter>
    <Filter Include="States\04. Transfer\04. Loading\02. Loading 2">
      <UniqueIdentifier>{904e4687-a0ca-4322-8a25-7a6f0224e789}</UniqueIdentifier>
    </Filter>
  </ItemGroup>
  <ItemGroup>
    <ClInclude Include="pch.h">
      <Filter>Default</Filter>
    </ClInclude>
    <ClInclude Include="framework.h">
      <Filter>Default</Filter>
    </ClInclude>
    <ClInclude Include="qStateMgr.h">
      <Filter>StateMgr</Filter>
    </ClInclude>
    <ClInclude Include="qBossHitState.h">
      <Filter>States\03. Boss\06. Hit</Filter>
    </ClInclude>
    <ClInclude Include="qBossRunState.h">
      <Filter>States\03. Boss\02. Run</Filter>
    </ClInclude>
    <ClInclude Include="qBossStayState.h">
      <Filter>States\03. Boss\08. Stay</Filter>
    </ClInclude>
    <ClInclude Include="qBossSlamState.h">
      <Filter>States\03. Boss\04. Slam</Filter>
    </ClInclude>
    <ClInclude Include="qBossSlamFistState.h">
      <Filter>States\03. Boss\04. Slam\SlamFist</Filter>
    </ClInclude>
    <ClInclude Include="qBossIdleState.h">
      <Filter>States\03. Boss\01. Idle</Filter>
    </ClInclude>
    <ClInclude Include="qBossDeathState.h">
      <Filter>States\03. Boss\07. Death</Filter>
    </ClInclude>
    <ClInclude Include="qBossUturnState.h">
      <Filter>States\03. Boss\09. Uturn</Filter>
    </ClInclude>
    <ClInclude Include="qBossBleedState.h">
      <Filter>States\03. Boss\05. Bleed</Filter>
    </ClInclude>
    <ClInclude Include="qBossBleedWaveState.h">
      <Filter>States\03. Boss\05. Bleed\BleedWave</Filter>
    </ClInclude>
    <ClInclude Include="qBossPunchState.h">
      <Filter>States\03. Boss\03. Punch</Filter>
    </ClInclude>
    <ClInclude Include="qBossIntroState.h">
      <Filter>States\03. Boss\00. Intro</Filter>
    </ClInclude>
    <ClInclude Include="qPlayerIdleState.h">
      <Filter>States\01. Player\00. Idle</Filter>
    </ClInclude>
    <ClInclude Include="qPlayerWaitState.h">
      <Filter>States\01. Player\01. Wait</Filter>
    </ClInclude>
    <ClInclude Include="qPlayerRunState.h">
      <Filter>States\01. Player\02. Run</Filter>
    </ClInclude>
    <ClInclude Include="qPlayerIdleToRunState.h">
      <Filter>States\01. Player\03. IdleToRun</Filter>
    </ClInclude>
    <ClInclude Include="qPlayerRunToIdleState.h">
      <Filter>States\01. Player\04. RunToIdle</Filter>
    </ClInclude>
    <ClInclude Include="qPlayerIdleUTurnState.h">
      <Filter>States\01. Player\05. IdleUTurn</Filter>
    </ClInclude>
    <ClInclude Include="qPlayerRunUTurnState.h">
      <Filter>States\01. Player\06. RunUTurn</Filter>
    </ClInclude>
    <ClInclude Include="qPlayerJumpState.h">
      <Filter>States\01. Player\07. Jump</Filter>
    </ClInclude>
    <ClInclude Include="qPlayerLandingState.h">
      <Filter>States\01. Player\09. Landing</Filter>
    </ClInclude>
    <ClInclude Include="qPlayerDashState.h">
      <Filter>States\01. Player\10. Dash</Filter>
    </ClInclude>
    <ClInclude Include="qPlayerFallingState.h">
      <Filter>States\01. Player\08. Falling</Filter>
    </ClInclude>
    <ClInclude Include="qPlayerCombo1State.h">
      <Filter>States\01. Player\13. Combo_1</Filter>
    </ClInclude>
    <ClInclude Include="qPlayerCombo2State.h">
      <Filter>States\01. Player\14. Combo_2</Filter>
    </ClInclude>
    <ClInclude Include="qPlayerCombo3State.h">
      <Filter>States\01. Player\15. Combo_3</Filter>
    </ClInclude>
    <ClInclude Include="qPlayerCombo4State.h">
      <Filter>States\01. Player\16. Combo_4</Filter>
    </ClInclude>
    <ClInclude Include="qPlayerCrashState.h">
      <Filter>States\01. Player\19. Crash</Filter>
    </ClInclude>
    <ClInclude Include="qPlayerRangeState.h">
      <Filter>States\01. Player\20. Range</Filter>
    </ClInclude>
    <ClInclude Include="qPlayerBookShootState.h">
      <Filter>States\01. Player\17. BookShoot</Filter>
    </ClInclude>
    <ClInclude Include="qPlayerKrushState.h">
      <Filter>States\01. Player\21. Krush</Filter>
    </ClInclude>
    <ClInclude Include="qPlayerBumpState.h">
      <Filter>States\01. Player\24. Bump</Filter>
    </ClInclude>
    <ClInclude Include="qPlayerTeleportState.h">
      <Filter>States\01. Player\22-23. Teleport\1. Teleport</Filter>
    </ClInclude>
    <ClInclude Include="qPlayerTeleportFinishState.h">
      <Filter>States\01. Player\22-23. Teleport\2. TeleportFinish</Filter>
    </ClInclude>
    <ClInclude Include="qPlayerNullState.h">
      <Filter>States\01. Player\25. PlayerNull</Filter>
    </ClInclude>
    <ClInclude Include="qPlayerElevatorOutState.h">
      <Filter>States\01. Player\11. ElevatorOut</Filter>
    </ClInclude>
    <ClInclude Include="qPlayerEffectState.h">
      <Filter>States\05. Effect\01. PlayerEffect</Filter>
    </ClInclude>
    <ClInclude Include="qDeathSoulState.h">
      <Filter>States\05. Effect\03. DeathSoul</Filter>
    </ClInclude>
    <ClInclude Include="qBookEffectState.h">
      <Filter>States\05. Effect\02. BookEffect</Filter>
    </ClInclude>
    <ClInclude Include="qSkeletonIdleState.h">
      <Filter>States\02. Monster\01. Skeleton\01, Idle</Filter>
    </ClInclude>
    <ClInclude Include="qSkeletonAttackState.h">
      <Filter>States\02. Monster\01. Skeleton\02. Attack</Filter>
    </ClInclude>
    <ClInclude Include="qSkeletonDeathState.h">
      <Filter>States\02. Monster\01. Skeleton\03. Death</Filter>
    </ClInclude>
    <ClInclude Include="qDrownedIdleState.h">
      <Filter>States\02. Monster\02. Drowned\01. Idle</Filter>
    </ClInclude>
    <ClInclude Include="qDrownedRunState.h">
      <Filter>States\02. Monster\02. Drowned\02. Run</Filter>
    </ClInclude>
    <ClInclude Include="qDrownedUturnState.h">
      <Filter>States\02. Monster\02. Drowned\03. Uturn</Filter>
    </ClInclude>
    <ClInclude Include="qDrownedAttackState.h">
      <Filter>States\02. Monster\02. Drowned\04. Attack</Filter>
    </ClInclude>
    <ClInclude Include="qDrownedHitState.h">
      <Filter>States\02. Monster\02. Drowned\05. Hit</Filter>
    </ClInclude>
    <ClInclude Include="qDrownedDeathState.h">
      <Filter>States\02. Monster\02. Drowned\06. Death</Filter>
    </ClInclude>
    <ClInclude Include="qGhostIdleState.h">
      <Filter>States\02. Monster\03. Ghost\01. Idle</Filter>
    </ClInclude>
    <ClInclude Include="qGhostRunState.h">
      <Filter>States\02. Monster\03. Ghost\02. Run</Filter>
    </ClInclude>
    <ClInclude Include="qGhostUturnState.h">
      <Filter>States\02. Monster\03. Ghost\03. Uturn</Filter>
    </ClInclude>
    <ClInclude Include="qGhostAttackState.h">
      <Filter>States\02. Monster\03. Ghost\04. Attack</Filter>
    </ClInclude>
    <ClInclude Include="qGhostHitState.h">
      <Filter>States\02. Monster\03. Ghost\05. Hit</Filter>
    </ClInclude>
    <ClInclude Include="qGhostDeathState.h">
      <Filter>States\02. Monster\03. Ghost\06. Death</Filter>
    </ClInclude>
    <ClInclude Include="qFireState.h">
      <Filter>States\02. Monster\03. Ghost\07. Fire</Filter>
    </ClInclude>
    <ClInclude Include="qDoorStayState.h">
      <Filter>States\04. Transfer\01. Door\01. DoorStay</Filter>
    </ClInclude>
    <ClInclude Include="qDoorOpenState.h">
      <Filter>States\04. Transfer\01. Door\02. DoorOpen</Filter>
    </ClInclude>
    <ClInclude Include="qDoorCloseState.h">
      <Filter>States\04. Transfer\01. Door\03. DoorClose</Filter>
    </ClInclude>
    <ClInclude Include="qElevatorStayState.h">
      <Filter>States\04. Transfer\02. Elevator\01. ElevatorStay</Filter>
    </ClInclude>
    <ClInclude Include="qElevatorOpenState.h">
      <Filter>States\04. Transfer\02. Elevator\02. ElevatorOpen</Filter>
    </ClInclude>
    <ClInclude Include="qElevatorCloseState.h">
      <Filter>States\04. Transfer\02. Elevator\03. ElevatorClose</Filter>
    </ClInclude>
    <ClInclude Include="qPostCloseState.h">
      <Filter>States\04. Transfer\03. Post\01. PostClose</Filter>
    </ClInclude>
    <ClInclude Include="qPostOpenState.h">
      <Filter>States\04. Transfer\03. Post\02. PostOpen</Filter>
    </ClInclude>
    <ClInclude Include="qClapState.h">
      <Filter>States\04. Transfer\05. Clap</Filter>
    </ClInclude>
    <ClInclude Include="qPlayerGetItemState.h">
      <Filter>States\01. Player\12. GetItem</Filter>
    </ClInclude>
    <ClInclude Include="qWarningState.h">
      <Filter>States\05. Effect\04. Warning</Filter>
    </ClInclude>
    <ClInclude Include="qLogoState.h">
      <Filter>States\04. Transfer\06. Logo</Filter>
    </ClInclude>
    <ClInclude Include="qLoadingState.h">
      <Filter>States\04. Transfer\04. Loading\02. Loading 2</Filter>
    </ClInclude>
    <ClInclude Include="qLoading1State.h">
      <Filter>States\04. Transfer\04. Loading\01. Loading 1</Filter>
    </ClInclude>
  </ItemGroup>
  <ItemGroup>
    <ClCompile Include="States.cpp">
      <Filter>Default</Filter>
    </ClCompile>
    <ClCompile Include="pch.cpp">
      <Filter>Default</Filter>
    </ClCompile>
    <ClCompile Include="qStateMgr.cpp">
      <Filter>StateMgr</Filter>
    </ClCompile>
    <ClCompile Include="qBossHitState.cpp">
      <Filter>States\03. Boss\06. Hit</Filter>
    </ClCompile>
    <ClCompile Include="qBossRunState.cpp">
      <Filter>States\03. Boss\02. Run</Filter>
    </ClCompile>
    <ClCompile Include="qBossStayState.cpp">
      <Filter>States\03. Boss\08. Stay</Filter>
    </ClCompile>
    <ClCompile Include="qBossSlamState.cpp">
      <Filter>States\03. Boss\04. Slam</Filter>
    </ClCompile>
    <ClCompile Include="qBossSlamFistState.cpp">
      <Filter>States\03. Boss\04. Slam\SlamFist</Filter>
    </ClCompile>
    <ClCompile Include="qBossIdleState.cpp">
      <Filter>States\03. Boss\01. Idle</Filter>
    </ClCompile>
    <ClCompile Include="qBossDeathState.cpp">
      <Filter>States\03. Boss\07. Death</Filter>
    </ClCompile>
    <ClCompile Include="qBossUturnState.cpp">
      <Filter>States\03. Boss\09. Uturn</Filter>
    </ClCompile>
    <ClCompile Include="qBossBleedState.cpp">
      <Filter>States\03. Boss\05. Bleed</Filter>
    </ClCompile>
    <ClCompile Include="qBossBleedWaveState.cpp">
      <Filter>States\03. Boss\05. Bleed\BleedWave</Filter>
    </ClCompile>
    <ClCompile Include="qBossPunchState.cpp">
      <Filter>States\03. Boss\03. Punch</Filter>
    </ClCompile>
    <ClCompile Include="qBossIntroState.cpp">
      <Filter>States\03. Boss\00. Intro</Filter>
    </ClCompile>
    <ClCompile Include="qPlayerIdleState.cpp">
      <Filter>States\01. Player\00. Idle</Filter>
    </ClCompile>
    <ClCompile Include="qPlayerWaitState.cpp">
      <Filter>States\01. Player\01. Wait</Filter>
    </ClCompile>
    <ClCompile Include="qPlayerRunState.cpp">
      <Filter>States\01. Player\02. Run</Filter>
    </ClCompile>
    <ClCompile Include="qPlayerIdleToRunState.cpp">
      <Filter>States\01. Player\03. IdleToRun</Filter>
    </ClCompile>
    <ClCompile Include="qPlayerRunToIdleState.cpp">
      <Filter>States\01. Player\04. RunToIdle</Filter>
    </ClCompile>
    <ClCompile Include="qPlayerIdleUTurnState.cpp">
      <Filter>States\01. Player\05. IdleUTurn</Filter>
    </ClCompile>
    <ClCompile Include="qPlayerRunUTurnState.cpp">
      <Filter>States\01. Player\06. RunUTurn</Filter>
    </ClCompile>
    <ClCompile Include="qPlayerJumpState.cpp">
      <Filter>States\01. Player\07. Jump</Filter>
    </ClCompile>
    <ClCompile Include="qPlayerLandingState.cpp">
      <Filter>States\01. Player\09. Landing</Filter>
    </ClCompile>
    <ClCompile Include="qPlayerDashState.cpp">
      <Filter>States\01. Player\10. Dash</Filter>
    </ClCompile>
    <ClCompile Include="qPlayerFallingState.cpp">
      <Filter>States\01. Player\08. Falling</Filter>
    </ClCompile>
    <ClCompile Include="qPlayerCombo1State.cpp">
      <Filter>States\01. Player\13. Combo_1</Filter>
    </ClCompile>
    <ClCompile Include="qPlayerCombo2State.cpp">
      <Filter>States\01. Player\14. Combo_2</Filter>
    </ClCompile>
    <ClCompile Include="qPlayerCombo3State.cpp">
      <Filter>States\01. Player\15. Combo_3</Filter>
    </ClCompile>
    <ClCompile Include="qPlayerCombo4State.cpp">
      <Filter>States\01. Player\16. Combo_4</Filter>
    </ClCompile>
    <ClCompile Include="qPlayerCrashState.cpp">
      <Filter>States\01. Player\19. Crash</Filter>
    </ClCompile>
    <ClCompile Include="qPlayerRangeState.cpp">
      <Filter>States\01. Player\20. Range</Filter>
    </ClCompile>
    <ClCompile Include="qPlayerBookShootState.cpp">
      <Filter>States\01. Player\17. BookShoot</Filter>
    </ClCompile>
    <ClCompile Include="qPlayerKrushState.cpp">
      <Filter>States\01. Player\21. Krush</Filter>
    </ClCompile>
    <ClCompile Include="qPlayerBumpState.cpp">
      <Filter>States\01. Player\24. Bump</Filter>
    </ClCompile>
    <ClCompile Include="qPlayerTeleportState.cpp">
      <Filter>States\01. Player\22-23. Teleport\1. Teleport</Filter>
    </ClCompile>
    <ClCompile Include="qPlayerTeleportFinishState.cpp">
      <Filter>States\01. Player\22-23. Teleport\2. TeleportFinish</Filter>
    </ClCompile>
    <ClCompile Include="qPlayerNullState.cpp">
      <Filter>States\01. Player\25. PlayerNull</Filter>
    </ClCompile>
    <ClCompile Include="qPlayerElevatorOutState.cpp">
      <Filter>States\01. Player\11. ElevatorOut</Filter>
    </ClCompile>
    <ClCompile Include="qPlayerEffectState.cpp">
      <Filter>States\05. Effect\01. PlayerEffect</Filter>
    </ClCompile>
    <ClCompile Include="qDeathSoulState.cpp">
      <Filter>States\05. Effect\03. DeathSoul</Filter>
    </ClCompile>
    <ClCompile Include="qBookEffectState.cpp">
      <Filter>States\05. Effect\02. BookEffect</Filter>
    </ClCompile>
    <ClCompile Include="qSkeletonIdleState.cpp">
      <Filter>States\02. Monster\01. Skeleton\01, Idle</Filter>
    </ClCompile>
    <ClCompile Include="qSkeletonAttackState.cpp">
      <Filter>States\02. Monster\01. Skeleton\02. Attack</Filter>
    </ClCompile>
    <ClCompile Include="qSkeletonDeathState.cpp">
      <Filter>States\02. Monster\01. Skeleton\03. Death</Filter>
    </ClCompile>
    <ClCompile Include="qDrownedIdleState.cpp">
      <Filter>States\02. Monster\02. Drowned\01. Idle</Filter>
    </ClCompile>
    <ClCompile Include="qDrownedRunState.cpp">
      <Filter>States\02. Monster\02. Drowned\02. Run</Filter>
    </ClCompile>
    <ClCompile Include="qDrownedUturnState.cpp">
      <Filter>States\02. Monster\02. Drowned\03. Uturn</Filter>
    </ClCompile>
    <ClCompile Include="qDrownedAttackState.cpp">
      <Filter>States\02. Monster\02. Drowned\04. Attack</Filter>
    </ClCompile>
    <ClCompile Include="qDrownedHitState.cpp">
      <Filter>States\02. Monster\02. Drowned\05. Hit</Filter>
    </ClCompile>
    <ClCompile Include="qDrownedDeathState.cpp">
      <Filter>States\02. Monster\02. Drowned\06. Death</Filter>
    </ClCompile>
    <ClCompile Include="qGhostIdleState.cpp">
      <Filter>States\02. Monster\03. Ghost\01. Idle</Filter>
    </ClCompile>
    <ClCompile Include="qGhostRunState.cpp">
      <Filter>States\02. Monster\03. Ghost\02. Run</Filter>
    </ClCompile>
    <ClCompile Include="qGhostUturnState.cpp">
      <Filter>States\02. Monster\03. Ghost\03. Uturn</Filter>
    </ClCompile>
    <ClCompile Include="qGhostAttackState.cpp">
      <Filter>States\02. Monster\03. Ghost\04. Attack</Filter>
    </ClCompile>
    <ClCompile Include="qGhostHitState.cpp">
      <Filter>States\02. Monster\03. Ghost\05. Hit</Filter>
    </ClCompile>
    <ClCompile Include="qGhostDeathState.cpp">
      <Filter>States\02. Monster\03. Ghost\06. Death</Filter>
    </ClCompile>
    <ClCompile Include="qFireState.cpp">
      <Filter>States\02. Monster\03. Ghost\07. Fire</Filter>
    </ClCompile>
    <ClCompile Include="qDoorStayState.cpp">
      <Filter>States\04. Transfer\01. Door\01. DoorStay</Filter>
    </ClCompile>
    <ClCompile Include="qDoorOpenState.cpp">
      <Filter>States\04. Transfer\01. Door\02. DoorOpen</Filter>
    </ClCompile>
    <ClCompile Include="qDoorCloseState.cpp">
      <Filter>States\04. Transfer\01. Door\03. DoorClose</Filter>
    </ClCompile>
    <ClCompile Include="qElevatorStayState.cpp">
      <Filter>States\04. Transfer\02. Elevator\01. ElevatorStay</Filter>
    </ClCompile>
    <ClCompile Include="qElevatorOpenState.cpp">
      <Filter>States\04. Transfer\02. Elevator\02. ElevatorOpen</Filter>
    </ClCompile>
    <ClCompile Include="qElevatorCloseState.cpp">
      <Filter>States\04. Transfer\02. Elevator\03. ElevatorClose</Filter>
    </ClCompile>
    <ClCompile Include="qPostCloseState.cpp">
      <Filter>States\04. Transfer\03. Post\01. PostClose</Filter>
    </ClCompile>
    <ClCompile Include="qPostOpenState.cpp">
      <Filter>States\04. Transfer\03. Post\02. PostOpen</Filter>
    </ClCompile>
    <ClCompile Include="qClapState.cpp">
      <Filter>States\04. Transfer\05. Clap</Filter>
    </ClCompile>
    <ClCompile Include="qPlayerGetItemState.cpp">
      <Filter>States\01. Player\12. GetItem</Filter>
    </ClCompile>
    <ClCompile Include="qWarningState.cpp">
      <Filter>States\05. Effect\04. Warning</Filter>
    </ClCompile>
    <ClCompile Include="qLogoState.cpp">
      <Filter>States\04. Transfer\06. Logo</Filter>
    </ClCompile>
    <ClCompile Include="qLoadingState.cpp">
      <Filter>States\04. Transfer\04. Loading\02. Loading 2</Filter>
    </ClCompile>
    <ClCompile Include="qLoading1State.cpp">
      <Filter>States\04. Transfer\04. Loading\01. Loading 1</Filter>
    </ClCompile>
  </ItemGroup>
</Project>